<?xml version="1.0" encoding="utf-8"?>
<Project ToolsVersion="4.0" xmlns="http://schemas.microsoft.com/developer/msbuild/2003">
  <ItemGroup>
    <FxCompile Include="Resources\Shaders\BasicPS.hlsl" />
    <FxCompile Include="Resources\Shaders\BasicVS.hlsl" />
    <FxCompile Include="Resources\Shaders\FBXPS.hlsl" />
    <FxCompile Include="Resources\Shaders\FBXVS.hlsl" />
    <FxCompile Include="Resources\Shaders\GaussianPS.hlsl" />
    <FxCompile Include="Resources\Shaders\GaussianVS.hlsl" />
    <FxCompile Include="Resources\Shaders\NewToneMapPS.hlsl" />
    <FxCompile Include="Resources\Shaders\OBJPixelShader.hlsl" />
    <FxCompile Include="Resources\Shaders\OBJVertexShader.hlsl" />
    <FxCompile Include="Resources\Shaders\ParticleGS.hlsl" />
    <FxCompile Include="Resources\Shaders\ParticlePS.hlsl" />
    <FxCompile Include="Resources\Shaders\ParticleVS.hlsl" />
    <FxCompile Include="Resources\Shaders\PostEffectTestPS.hlsl" />
    <FxCompile Include="Resources\Shaders\PostEffectTestVS.hlsl" />
    <FxCompile Include="Resources\Shaders\SepiaPS.hlsl" />
    <FxCompile Include="Resources\Shaders\ShadowMapPS.hlsl" />
    <FxCompile Include="Resources\Shaders\ShadowMapVS.hlsl" />
    <FxCompile Include="Resources\Shaders\SpritePS.hlsl" />
    <FxCompile Include="Resources\Shaders\SpriteVS.hlsl" />
  </ItemGroup>
  <ItemGroup>
    <ClCompile Include="SourceCode\gamesystem\character\AttackSkill.cpp" />
    <ClCompile Include="SourceCode\engine\2d\DebugText.cpp" />
    <ClCompile Include="SourceCode\engine\2d\Feed.cpp" />
    <ClCompile Include="SourceCode\engine\2d\Font.cpp" />
    <ClCompile Include="SourceCode\engine\2d\IKESprite.cpp" />
    <ClCompile Include="SourceCode\engine\2d\IKETexture.cpp" />
    <ClCompile Include="SourceCode\engine\2d\ImageManager.cpp" />
    <ClCompile Include="SourceCode\engine\2d\PostEffect.cpp" />
    <ClCompile Include="SourceCode\engine\2d\ShadowMap.cpp" />
    <ClCompile Include="SourceCode\engine\3d\IKEFbxLoader.cpp" />
    <ClCompile Include="SourceCode\engine\3d\IKEFBXModel.cpp" />
    <ClCompile Include="SourceCode\engine\3d\IKEFBXObject3d.cpp" />
    <ClCompile Include="SourceCode\engine\3d\IKEMaterial.cpp" />
    <ClCompile Include="SourceCode\engine\3d\IKEMesh.cpp" />
    <ClCompile Include="SourceCode\engine\3d\IKEModel.cpp" />
    <ClCompile Include="SourceCode\engine\3d\IKEObject3d.cpp" />
    <ClCompile Include="SourceCode\engine\3d\ModelManager.cpp" />
    <ClCompile Include="SourceCode\engine\3d\ObjCommon.cpp" />
    <ClCompile Include="SourceCode\engine\audio\Audio.cpp" />
    <ClCompile Include="SourceCode\engine\audio\AudioManager.cpp" />
    <ClCompile Include="SourceCode\engine\audio\VolumManager.cpp" />
    <ClCompile Include="SourceCode\engine\BehaviorTree\ActionNode.cpp" />
    <ClCompile Include="SourceCode\engine\BehaviorTree\BehaviorTree.cpp" />
    <ClCompile Include="SourceCode\engine\BehaviorTree\CompositeNode.cpp" />
    <ClCompile Include="SourceCode\engine\BehaviorTree\ConditionalNode.cpp" />
    <ClCompile Include="SourceCode\engine\BehaviorTree\Node.cpp" />
    <ClCompile Include="SourceCode\engine\BehaviorTree\Repeater.cpp" />
    <ClCompile Include="SourceCode\engine\BehaviorTree\Selector.cpp" />
    <ClCompile Include="SourceCode\engine\BehaviorTree\Sequencer.cpp" />
    <ClCompile Include="SourceCode\engine\camera\Camera.cpp" />
    <ClCompile Include="SourceCode\engine\camera\DebugCamera.cpp" />
    <ClCompile Include="SourceCode\engine\camera\ShadowCamera.cpp" />
    <ClCompile Include="SourceCode\engine\collision\BaseCollider.cpp" />
    <ClCompile Include="SourceCode\engine\collision\Collision.cpp" />
    <ClCompile Include="SourceCode\engine\collision\CollisionInfo.cpp" />
    <ClCompile Include="SourceCode\engine\collision\CollisionManager.cpp" />
    <ClCompile Include="SourceCode\engine\collision\CollisionPrimitive.cpp" />
    <ClCompile Include="SourceCode\engine\collision\CollisionTypes.cpp" />
    <ClCompile Include="SourceCode\engine\collision\MeshCollider.cpp" />
    <ClCompile Include="SourceCode\engine\collision\SphereCollider.cpp" />
    <ClCompile Include="SourceCode\engine\collision\TouchableObject.cpp" />
    <ClCompile Include="SourceCode\engine\ease\Easing.cpp" />
    <ClCompile Include="SourceCode\engine\enginebase\CsvLoader.cpp" />
    <ClCompile Include="SourceCode\engine\enginebase\DirectXCommon.cpp" />
    <ClCompile Include="SourceCode\engine\enginebase\JsonLoader.cpp" />
    <ClCompile Include="SourceCode\engine\enginebase\main.cpp" />
    <ClCompile Include="SourceCode\engine\enginebase\OpenBrowser.cpp" />
    <ClCompile Include="SourceCode\engine\enginebase\WinApp.cpp" />
    <ClCompile Include="SourceCode\engine\enginebase\XorShift.cpp" />
    <ClCompile Include="SourceCode\engine\FpsManager\FPSManager.cpp" />
    <ClCompile Include="SourceCode\engine\GameObject\GameObject.cpp" />
    <ClCompile Include="SourceCode\engine\GameObject\GameObjectManager.cpp" />
    <ClCompile Include="SourceCode\engine\helper\Helper.cpp" />
    <ClCompile Include="SourceCode\engine\helper\Spline.cpp" />
    <ClCompile Include="SourceCode\engine\input\Input.cpp" />
    <ClCompile Include="SourceCode\engine\light\LightGroup.cpp" />
    <ClCompile Include="SourceCode\engine\light\PointLight.cpp" />
    <ClCompile Include="SourceCode\engine\light\SpotLight.cpp" />
    <ClCompile Include="SourceCode\engine\math\Matrix4.cpp" />
    <ClCompile Include="SourceCode\engine\math\Quaternion.cpp" />
    <ClCompile Include="SourceCode\engine\math\Vector3.cpp" />
    <ClCompile Include="SourceCode\engine\shake\Shake.cpp" />
    <ClCompile Include="SourceCode\gamesystem\ActionPanel\ActionUI.cpp" />
    <ClCompile Include="SourceCode\gamesystem\ActionPanel\InterAction.cpp" />
    <ClCompile Include="SourceCode\gamesystem\ActionPanel\SkillAction.cpp" />
    <ClCompile Include="SourceCode\gamesystem\character\AttackArea.cpp" />
    <ClCompile Include="SourceCode\gamesystem\character\EnemyManager.cpp" />
    <ClCompile Include="SourceCode\gamesystem\character\InterBoss.cpp" />
    <ClCompile Include="SourceCode\gamesystem\character\InterEnemy.cpp" />
    <ClCompile Include="SourceCode\gamesystem\character\NormalEnemy.cpp" />
    <ClCompile Include="SourceCode\gamesystem\character\Player.cpp" />
    <ClCompile Include="SourceCode\gamesystem\character\SkillBase.cpp" />
    <ClCompile Include="SourceCode\gamesystem\character\SkillManager.cpp" />
    <ClCompile Include="SourceCode\gamesystem\gamecamera\CameraWork.cpp" />
    <ClCompile Include="SourceCode\gamesystem\MessageWindow\MessageWindow.cpp" />
    <ClCompile Include="SourceCode\gamesystem\ParticleManager\ParticleEmitter.cpp" />
    <ClCompile Include="SourceCode\gamesystem\ParticleManager\ParticleManager.cpp" />
    <ClCompile Include="SourceCode\gamesystem\scenetext\TitleText.cpp" />
    <ClCompile Include="SourceCode\gamesystem\scene\BaseScene.cpp" />
    <ClCompile Include="SourceCode\gamesystem\scene\ClearScene.cpp" />
    <ClCompile Include="SourceCode\gamesystem\scene\EditorScene.cpp" />
    <ClCompile Include="SourceCode\gamesystem\scene\EndRollScene.cpp" />
    <ClCompile Include="SourceCode\gamesystem\scene\BattleScene.cpp" />
    <ClCompile Include="SourceCode\gamesystem\scene\Framework.cpp" />
    <ClCompile Include="SourceCode\gamesystem\scene\GameoverScene.cpp" />
    <ClCompile Include="SourceCode\gamesystem\scene\GameStateManager.cpp" />
    <ClCompile Include="SourceCode\gamesystem\scene\IkeGame.cpp" />
    <ClCompile Include="SourceCode\gamesystem\scene\LoadScene.cpp" />
    <ClCompile Include="SourceCode\gamesystem\scene\MapScene.cpp" />
    <ClCompile Include="SourceCode\gamesystem\scene\SceneChanger.cpp" />
    <ClCompile Include="SourceCode\gamesystem\scene\SceneManager.cpp" />
    <ClCompile Include="SourceCode\gamesystem\scene\SceneSave.cpp" />
    <ClCompile Include="SourceCode\gamesystem\scene\TitleScene.cpp" />
    <ClCompile Include="SourceCode\gamesystem\scene\TutorialScene.cpp" />
    <ClCompile Include="SourceCode\gamesystem\stageobj\StagePanel.cpp" />
    <ClCompile Include="SourceCode\gamesystem\text\DrawNumber.cpp" />
    <ClCompile Include="SourceCode\gamesystem\text\Text.cpp" />
    <ClCompile Include="SourceCode\gamesystem\text\TextManager.cpp" />
  </ItemGroup>
  <ItemGroup>
    <ClInclude Include="SourceCode\gamesystem\character\AttackSkill.h" />
    <ClInclude Include="SourceCode\engine\2d\DebugText.h" />
    <ClInclude Include="SourceCode\engine\2d\Feed.h" />
    <ClInclude Include="SourceCode\engine\2d\Font.h" />
    <ClInclude Include="SourceCode\engine\2d\FontManager.h" />
    <ClInclude Include="SourceCode\engine\2d\IKESprite.h" />
    <ClInclude Include="SourceCode\engine\2d\IKETexture.h" />
    <ClInclude Include="SourceCode\engine\2d\ImageManager.h" />
    <ClInclude Include="SourceCode\engine\2d\PostEffect.h" />
    <ClInclude Include="SourceCode\engine\2d\ShadowMap.h" />
    <ClInclude Include="SourceCode\engine\3d\IKEFbxLoader.h" />
    <ClInclude Include="SourceCode\engine\3d\IKEFBXModel.h" />
    <ClInclude Include="SourceCode\engine\3d\IKEFBXObject3d.h" />
    <ClInclude Include="SourceCode\engine\3d\IKEMaterial.h" />
    <ClInclude Include="SourceCode\engine\3d\IKEMesh.h" />
    <ClInclude Include="SourceCode\engine\3d\IKEModel.h" />
    <ClInclude Include="SourceCode\engine\3d\IKEObject3d.h" />
    <ClInclude Include="SourceCode\engine\3d\ModelManager.h" />
    <ClInclude Include="SourceCode\engine\3d\ObjCommon.h" />
    <ClInclude Include="SourceCode\engine\audio\Audio.h" />
    <ClInclude Include="SourceCode\engine\audio\AudioManager.h" />
    <ClInclude Include="SourceCode\engine\audio\VolumManager.h" />
    <ClInclude Include="SourceCode\engine\BehaviorTree\ActionNode.h" />
    <ClInclude Include="SourceCode\engine\BehaviorTree\BehaviorTree.h" />
    <ClInclude Include="SourceCode\engine\BehaviorTree\CompositeNode.h" />
    <ClInclude Include="SourceCode\engine\BehaviorTree\ConditionalNode.h" />
    <ClInclude Include="SourceCode\engine\BehaviorTree\Node.h" />
    <ClInclude Include="SourceCode\engine\BehaviorTree\Repeater.h" />
    <ClInclude Include="SourceCode\engine\BehaviorTree\Selector.h" />
    <ClInclude Include="SourceCode\engine\BehaviorTree\Sequencer.h" />
    <ClInclude Include="SourceCode\engine\camera\Camera.h" />
    <ClInclude Include="SourceCode\engine\camera\DebugCamera.h" />
    <ClInclude Include="SourceCode\engine\camera\ShadowCamera.h" />
    <ClInclude Include="SourceCode\engine\collision\BaseCollider.h" />
    <ClInclude Include="SourceCode\engine\collision\BlockCollision.h" />
    <ClInclude Include="SourceCode\engine\collision\Collision.h" />
    <ClInclude Include="SourceCode\engine\collision\CollisionAttribute.h" />
    <ClInclude Include="SourceCode\engine\collision\CollisionInfo.h" />
    <ClInclude Include="SourceCode\engine\collision\CollisionManager.h" />
    <ClInclude Include="SourceCode\engine\collision\CollisionPrimitive.h" />
    <ClInclude Include="SourceCode\engine\collision\CollisionTypes.h" />
    <ClInclude Include="SourceCode\engine\collision\MeshCollider.h" />
    <ClInclude Include="SourceCode\engine\collision\QueryCallback.h" />
    <ClInclude Include="SourceCode\engine\collision\RaycastHit.h" />
    <ClInclude Include="SourceCode\engine\collision\SphereCollider.h" />
    <ClInclude Include="SourceCode\engine\collision\TouchableObject.h" />
    <ClInclude Include="SourceCode\engine\ease\Easing.h" />
    <ClInclude Include="SourceCode\engine\enginebase\CsvLoader.h" />
    <ClInclude Include="SourceCode\engine\enginebase\DirectXCommon.h" />
    <ClInclude Include="SourceCode\engine\enginebase\JsonLoader.h" />
    <ClInclude Include="SourceCode\engine\enginebase\OpenBrowser.h" />
    <ClInclude Include="SourceCode\engine\enginebase\resource.h" />
    <ClInclude Include="SourceCode\engine\enginebase\WinApp.h" />
    <ClInclude Include="SourceCode\engine\enginebase\XorShift.h" />
    <ClInclude Include="SourceCode\engine\FpsManager\FPSManager.h" />
    <ClInclude Include="SourceCode\engine\GameObject\GameObject.h" />
    <ClInclude Include="SourceCode\engine\GameObject\GameObjectManager.h" />
    <ClInclude Include="SourceCode\engine\helper\Helper.h" />
    <ClInclude Include="SourceCode\engine\helper\Spline.h" />
    <ClInclude Include="SourceCode\engine\helper\VariableCommon.h" />
    <ClInclude Include="SourceCode\engine\input\Input.h" />
    <ClInclude Include="SourceCode\engine\light\CircleShadow.h" />
    <ClInclude Include="SourceCode\engine\light\DirectionalLight.h" />
    <ClInclude Include="SourceCode\engine\light\LightGroup.h" />
    <ClInclude Include="SourceCode\engine\light\PointLight.h" />
    <ClInclude Include="SourceCode\engine\light\SpotLight.h" />
    <ClInclude Include="SourceCode\engine\math\Matrix4.h" />
    <ClInclude Include="SourceCode\engine\math\Quaternion.h" />
    <ClInclude Include="SourceCode\engine\math\Vector3.h" />
    <ClInclude Include="SourceCode\engine\Property.h" />
    <ClInclude Include="SourceCode\engine\shake\Shake.h" />
    <ClInclude Include="SourceCode\gamesystem\ActionPanel\ActionUI.h" />
    <ClInclude Include="SourceCode\gamesystem\ActionPanel\InterAction.h" />
    <ClInclude Include="SourceCode\gamesystem\ActionPanel\SkillAction.h" />
    <ClInclude Include="SourceCode\gamesystem\actor\GameOverSceneActor.h" />
    <ClInclude Include="SourceCode\gamesystem\character\AttackArea.h" />
    <ClInclude Include="SourceCode\gamesystem\character\EnemyManager.h" />
    <ClInclude Include="SourceCode\gamesystem\character\InterBoss.h" />
    <ClInclude Include="SourceCode\gamesystem\character\InterEnemy.h" />
    <ClInclude Include="SourceCode\gamesystem\character\NormalEnemy.h" />
    <ClInclude Include="SourceCode\gamesystem\character\Player.h" />
    <ClInclude Include="SourceCode\gamesystem\character\SkillBase.h" />
    <ClInclude Include="SourceCode\gamesystem\character\SkillManager.h" />
    <ClInclude Include="SourceCode\gamesystem\gamecamera\CameraWork.h" />
    <ClInclude Include="SourceCode\gamesystem\MessageWindow\MessageWindow.h" />
    <ClInclude Include="SourceCode\gamesystem\ParticleManager\ParticleEmitter.h" />
    <ClInclude Include="SourceCode\gamesystem\ParticleManager\ParticleManager.h" />
    <ClInclude Include="SourceCode\gamesystem\scenetext\TitleText.h" />
    <ClInclude Include="SourceCode\gamesystem\scene\BaseScene.h" />
    <ClInclude Include="SourceCode\gamesystem\scene\ClearScene.h" />
    <ClInclude Include="SourceCode\gamesystem\scene\EditorScene.h" />
    <ClInclude Include="SourceCode\gamesystem\scene\EndRollScene.h" />
    <ClInclude Include="SourceCode\gamesystem\scene\BattleScene.h" />
    <ClInclude Include="SourceCode\gamesystem\scene\Framework.h" />
    <ClInclude Include="SourceCode\gamesystem\scene\GameoverScene.h" />
    <ClInclude Include="SourceCode\gamesystem\scene\GameStateManager.h" />
    <ClInclude Include="SourceCode\gamesystem\scene\IkeGame.h" />
    <ClInclude Include="SourceCode\gamesystem\scene\LoadScene.h" />
    <ClInclude Include="SourceCode\gamesystem\scene\MapScene.h" />
    <ClInclude Include="SourceCode\gamesystem\scene\SceneChanger.h" />
    <ClInclude Include="SourceCode\gamesystem\scene\SceneManager.h" />
    <ClInclude Include="SourceCode\gamesystem\scene\SceneSave.h" />
    <ClInclude Include="SourceCode\gamesystem\scene\TitleScene.h" />
    <ClInclude Include="SourceCode\gamesystem\scene\TutorialScene.h" />
    <ClInclude Include="SourceCode\gamesystem\stageobj\StagePanel.h" />
    <ClInclude Include="SourceCode\gamesystem\text\DrawNumber.h" />
    <ClInclude Include="SourceCode\gamesystem\text\Text.h" />
    <ClInclude Include="SourceCode\gamesystem\text\TextManager.h" />
  </ItemGroup>
  <ItemGroup>
    <ResourceCompile Include="Kotodama.rc" />
  </ItemGroup>
  <ItemGroup>
    <Image Include="Resources\2d\objicon\Kotodama.ico" />
  </ItemGroup>
  <ItemGroup>
    <None Include="Resources\Shaders\Basic.hlsli" />
    <None Include="Resources\Shaders\FBX.hlsli" />
    <None Include="Resources\Shaders\Gaussian.hlsli" />
    <None Include="Resources\Shaders\OBJShaderHeaderhlsli.hlsli" />
    <None Include="Resources\Shaders\Particle.hlsli" />
    <None Include="Resources\Shaders\PostEffectTest.hlsli" />
    <None Include="Resources\Shaders\ShadowMap.hlsli" />
    <None Include="Resources\Shaders\Sprite.hlsli" />
  </ItemGroup>
</Project>